// !$*UTF8*$!
{
	archiveVersion = 1;
	classes = {
	};
	objectVersion = 51;
	objects = {

/* Begin PBXBuildFile section */
		612B5FAA2DC100AAB5702DDE /* Pods_MobilePhoneBuyerGuide.framework in Frameworks */ = {isa = PBXBuildFile; fileRef = 96FC56C7DC849CE8653528D5 /* Pods_MobilePhoneBuyerGuide.framework */; };
		E44CF4EA23152C09002BE981 /* CustomMobileListViewCell.swift in Sources */ = {isa = PBXBuildFile; fileRef = E44CF4E923152C09002BE981 /* CustomMobileListViewCell.swift */; };
		E45F81FA231E1AD800067722 /* MobileDetailStore.swift in Sources */ = {isa = PBXBuildFile; fileRef = E45F81F2231E1AD800067722 /* MobileDetailStore.swift */; };
		E45F81FB231E1AD800067722 /* MobileDetailPresenter.swift in Sources */ = {isa = PBXBuildFile; fileRef = E45F81F3231E1AD800067722 /* MobileDetailPresenter.swift */; };
		E45F81FC231E1AD800067722 /* MobileDetailWorker.swift in Sources */ = {isa = PBXBuildFile; fileRef = E45F81F4231E1AD800067722 /* MobileDetailWorker.swift */; };
		E45F81FD231E1AD800067722 /* MobileDetailRouter.swift in Sources */ = {isa = PBXBuildFile; fileRef = E45F81F5231E1AD800067722 /* MobileDetailRouter.swift */; };
		E45F81FE231E1AD800067722 /* MobileDetailModels.swift in Sources */ = {isa = PBXBuildFile; fileRef = E45F81F6231E1AD800067722 /* MobileDetailModels.swift */; };
		E45F81FF231E1AD800067722 /* MobileDetailViewController.swift in Sources */ = {isa = PBXBuildFile; fileRef = E45F81F7231E1AD800067722 /* MobileDetailViewController.swift */; };
		E45F8200231E1AD800067722 /* MobileDetailInteractor.swift in Sources */ = {isa = PBXBuildFile; fileRef = E45F81F8231E1AD800067722 /* MobileDetailInteractor.swift */; };
		E45F8201231E1AD800067722 /* MobileDetailEntity.swift in Sources */ = {isa = PBXBuildFile; fileRef = E45F81F9231E1AD800067722 /* MobileDetailEntity.swift */; };
		E4A4CBC32315173800A02B9E /* AppDelegate.swift in Sources */ = {isa = PBXBuildFile; fileRef = E4A4CBC22315173800A02B9E /* AppDelegate.swift */; };
		E4A4CBC82315173800A02B9E /* Main.storyboard in Resources */ = {isa = PBXBuildFile; fileRef = E4A4CBC62315173800A02B9E /* Main.storyboard */; };
		E4A4CBCA2315173800A02B9E /* Assets.xcassets in Resources */ = {isa = PBXBuildFile; fileRef = E4A4CBC92315173800A02B9E /* Assets.xcassets */; };
		E4A4CBCD2315173800A02B9E /* LaunchScreen.storyboard in Resources */ = {isa = PBXBuildFile; fileRef = E4A4CBCB2315173800A02B9E /* LaunchScreen.storyboard */; };
		E4BD87C32317C1E8002C981D /* CustomCollectionViewCell.swift in Sources */ = {isa = PBXBuildFile; fileRef = E4BD87C22317C1E8002C981D /* CustomCollectionViewCell.swift */; };
		E4EA6977231CEA4E009933B8 /* MobileListPresenter.swift in Sources */ = {isa = PBXBuildFile; fileRef = E4EA696F231CEA4E009933B8 /* MobileListPresenter.swift */; };
		E4EA6978231CEA4E009933B8 /* MobileListInteractor.swift in Sources */ = {isa = PBXBuildFile; fileRef = E4EA6970231CEA4E009933B8 /* MobileListInteractor.swift */; };
		E4EA6979231CEA4E009933B8 /* MobileListModels.swift in Sources */ = {isa = PBXBuildFile; fileRef = E4EA6971231CEA4E009933B8 /* MobileListModels.swift */; };
		E4EA697A231CEA4E009933B8 /* MobileListStore.swift in Sources */ = {isa = PBXBuildFile; fileRef = E4EA6972231CEA4E009933B8 /* MobileListStore.swift */; };
		E4EA697B231CEA4E009933B8 /* MobileListWorker.swift in Sources */ = {isa = PBXBuildFile; fileRef = E4EA6973231CEA4E009933B8 /* MobileListWorker.swift */; };
		E4EA697C231CEA4E009933B8 /* MobileListRouter.swift in Sources */ = {isa = PBXBuildFile; fileRef = E4EA6974231CEA4E009933B8 /* MobileListRouter.swift */; };
		E4EA697D231CEA4E009933B8 /* MobileListViewController.swift in Sources */ = {isa = PBXBuildFile; fileRef = E4EA6975231CEA4E009933B8 /* MobileListViewController.swift */; };
		E4EA697E231CEA4E009933B8 /* MobileListEntity.swift in Sources */ = {isa = PBXBuildFile; fileRef = E4EA6976231CEA4E009933B8 /* MobileListEntity.swift */; };
/* End PBXBuildFile section */

/* Begin PBXFileReference section */
		477DB68F5A66CFED99588CE6 /* Pods-MobilePhoneBuyerGuide.debug.xcconfig */ = {isa = PBXFileReference; includeInIndex = 1; lastKnownFileType = text.xcconfig; name = "Pods-MobilePhoneBuyerGuide.debug.xcconfig"; path = "Target Support Files/Pods-MobilePhoneBuyerGuide/Pods-MobilePhoneBuyerGuide.debug.xcconfig"; sourceTree = "<group>"; };
		96FC56C7DC849CE8653528D5 /* Pods_MobilePhoneBuyerGuide.framework */ = {isa = PBXFileReference; explicitFileType = wrapper.framework; includeInIndex = 0; path = Pods_MobilePhoneBuyerGuide.framework; sourceTree = BUILT_PRODUCTS_DIR; };
		AC2EDE7C2E6AE29673C24DA9 /* Pods-MobilePhoneBuyerGuide.release.xcconfig */ = {isa = PBXFileReference; includeInIndex = 1; lastKnownFileType = text.xcconfig; name = "Pods-MobilePhoneBuyerGuide.release.xcconfig"; path = "Target Support Files/Pods-MobilePhoneBuyerGuide/Pods-MobilePhoneBuyerGuide.release.xcconfig"; sourceTree = "<group>"; };
		E44CF4E923152C09002BE981 /* CustomMobileListViewCell.swift */ = {isa = PBXFileReference; lastKnownFileType = sourcecode.swift; path = CustomMobileListViewCell.swift; sourceTree = "<group>"; };
		E45F81F2231E1AD800067722 /* MobileDetailStore.swift */ = {isa = PBXFileReference; lastKnownFileType = sourcecode.swift; path = MobileDetailStore.swift; sourceTree = "<group>"; };
		E45F81F3231E1AD800067722 /* MobileDetailPresenter.swift */ = {isa = PBXFileReference; lastKnownFileType = sourcecode.swift; path = MobileDetailPresenter.swift; sourceTree = "<group>"; };
		E45F81F4231E1AD800067722 /* MobileDetailWorker.swift */ = {isa = PBXFileReference; lastKnownFileType = sourcecode.swift; path = MobileDetailWorker.swift; sourceTree = "<group>"; };
		E45F81F5231E1AD800067722 /* MobileDetailRouter.swift */ = {isa = PBXFileReference; lastKnownFileType = sourcecode.swift; path = MobileDetailRouter.swift; sourceTree = "<group>"; };
		E45F81F6231E1AD800067722 /* MobileDetailModels.swift */ = {isa = PBXFileReference; lastKnownFileType = sourcecode.swift; path = MobileDetailModels.swift; sourceTree = "<group>"; };
		E45F81F7231E1AD800067722 /* MobileDetailViewController.swift */ = {isa = PBXFileReference; lastKnownFileType = sourcecode.swift; path = MobileDetailViewController.swift; sourceTree = "<group>"; };
		E45F81F8231E1AD800067722 /* MobileDetailInteractor.swift */ = {isa = PBXFileReference; lastKnownFileType = sourcecode.swift; path = MobileDetailInteractor.swift; sourceTree = "<group>"; };
		E45F81F9231E1AD800067722 /* MobileDetailEntity.swift */ = {isa = PBXFileReference; lastKnownFileType = sourcecode.swift; path = MobileDetailEntity.swift; sourceTree = "<group>"; };
		E4A4CBBF2315173800A02B9E /* MobilePhoneBuyerGuide.app */ = {isa = PBXFileReference; explicitFileType = wrapper.application; includeInIndex = 0; path = MobilePhoneBuyerGuide.app; sourceTree = BUILT_PRODUCTS_DIR; };
		E4A4CBC22315173800A02B9E /* AppDelegate.swift */ = {isa = PBXFileReference; lastKnownFileType = sourcecode.swift; path = AppDelegate.swift; sourceTree = "<group>"; };
		E4A4CBC72315173800A02B9E /* Base */ = {isa = PBXFileReference; lastKnownFileType = file.storyboard; name = Base; path = Base.lproj/Main.storyboard; sourceTree = "<group>"; };
		E4A4CBC92315173800A02B9E /* Assets.xcassets */ = {isa = PBXFileReference; lastKnownFileType = folder.assetcatalog; path = Assets.xcassets; sourceTree = "<group>"; };
		E4A4CBCC2315173800A02B9E /* Base */ = {isa = PBXFileReference; lastKnownFileType = file.storyboard; name = Base; path = Base.lproj/LaunchScreen.storyboard; sourceTree = "<group>"; };
		E4A4CBCE2315173800A02B9E /* Info.plist */ = {isa = PBXFileReference; lastKnownFileType = text.plist.xml; path = Info.plist; sourceTree = "<group>"; };
		E4BD87C22317C1E8002C981D /* CustomCollectionViewCell.swift */ = {isa = PBXFileReference; lastKnownFileType = sourcecode.swift; path = CustomCollectionViewCell.swift; sourceTree = "<group>"; };
		E4EA696F231CEA4E009933B8 /* MobileListPresenter.swift */ = {isa = PBXFileReference; fileEncoding = 4; lastKnownFileType = sourcecode.swift; path = MobileListPresenter.swift; sourceTree = "<group>"; };
		E4EA6970231CEA4E009933B8 /* MobileListInteractor.swift */ = {isa = PBXFileReference; fileEncoding = 4; lastKnownFileType = sourcecode.swift; path = MobileListInteractor.swift; sourceTree = "<group>"; };
		E4EA6971231CEA4E009933B8 /* MobileListModels.swift */ = {isa = PBXFileReference; fileEncoding = 4; lastKnownFileType = sourcecode.swift; path = MobileListModels.swift; sourceTree = "<group>"; };
		E4EA6972231CEA4E009933B8 /* MobileListStore.swift */ = {isa = PBXFileReference; fileEncoding = 4; lastKnownFileType = sourcecode.swift; path = MobileListStore.swift; sourceTree = "<group>"; };
		E4EA6973231CEA4E009933B8 /* MobileListWorker.swift */ = {isa = PBXFileReference; fileEncoding = 4; lastKnownFileType = sourcecode.swift; path = MobileListWorker.swift; sourceTree = "<group>"; };
		E4EA6974231CEA4E009933B8 /* MobileListRouter.swift */ = {isa = PBXFileReference; fileEncoding = 4; lastKnownFileType = sourcecode.swift; path = MobileListRouter.swift; sourceTree = "<group>"; };
		E4EA6975231CEA4E009933B8 /* MobileListViewController.swift */ = {isa = PBXFileReference; fileEncoding = 4; lastKnownFileType = sourcecode.swift; path = MobileListViewController.swift; sourceTree = "<group>"; };
		E4EA6976231CEA4E009933B8 /* MobileListEntity.swift */ = {isa = PBXFileReference; fileEncoding = 4; lastKnownFileType = sourcecode.swift; path = MobileListEntity.swift; sourceTree = "<group>"; };
/* End PBXFileReference section */

/* Begin PBXFrameworksBuildPhase section */
		E4A4CBBC2315173800A02B9E /* Frameworks */ = {
			isa = PBXFrameworksBuildPhase;
			buildActionMask = 2147483647;
			files = (
				612B5FAA2DC100AAB5702DDE /* Pods_MobilePhoneBuyerGuide.framework in Frameworks */,
			);
			runOnlyForDeploymentPostprocessing = 0;
		};
/* End PBXFrameworksBuildPhase section */

/* Begin PBXGroup section */
		2C53E09F632B7F467A0ECBA6 /* Frameworks */ = {
			isa = PBXGroup;
			children = (
				96FC56C7DC849CE8653528D5 /* Pods_MobilePhoneBuyerGuide.framework */,
			);
			name = Frameworks;
			sourceTree = "<group>";
		};
		4F21DAA72BAD8A8CBD6870CB /* Pods */ = {
			isa = PBXGroup;
			children = (
				477DB68F5A66CFED99588CE6 /* Pods-MobilePhoneBuyerGuide.debug.xcconfig */,
				AC2EDE7C2E6AE29673C24DA9 /* Pods-MobilePhoneBuyerGuide.release.xcconfig */,
			);
			path = Pods;
			sourceTree = "<group>";
		};
		E45F81F1231E1AA700067722 /* MobileDetailScene */ = {
			isa = PBXGroup;
			children = (
				E45F8202231EC73200067722 /* CustomCollectionViewCells */,
				E45F81F7231E1AD800067722 /* MobileDetailViewController.swift */,
				E45F81F3231E1AD800067722 /* MobileDetailPresenter.swift */,
				E45F81F8231E1AD800067722 /* MobileDetailInteractor.swift */,
				E45F81F2231E1AD800067722 /* MobileDetailStore.swift */,
				E45F81F4231E1AD800067722 /* MobileDetailWorker.swift */,
				E45F81F6231E1AD800067722 /* MobileDetailModels.swift */,
				E45F81F5231E1AD800067722 /* MobileDetailRouter.swift */,
				E45F81F9231E1AD800067722 /* MobileDetailEntity.swift */,
			);
			path = MobileDetailScene;
			sourceTree = "<group>";
		};
		E45F8202231EC73200067722 /* CustomCollectionViewCells */ = {
			isa = PBXGroup;
			children = (
				E4BD87C22317C1E8002C981D /* CustomCollectionViewCell.swift */,
			);
			path = CustomCollectionViewCells;
			sourceTree = "<group>";
		};
		E4A4CBB62315173800A02B9E = {
			isa = PBXGroup;
			children = (
				E4A4CBC12315173800A02B9E /* MobilePhoneBuyerGuide */,
				E4A4CBC02315173800A02B9E /* Products */,
				4F21DAA72BAD8A8CBD6870CB /* Pods */,
				2C53E09F632B7F467A0ECBA6 /* Frameworks */,
			);
			sourceTree = "<group>";
		};
		E4A4CBC02315173800A02B9E /* Products */ = {
			isa = PBXGroup;
			children = (
				E4A4CBBF2315173800A02B9E /* MobilePhoneBuyerGuide.app */,
			);
			name = Products;
			sourceTree = "<group>";
		};
		E4A4CBC12315173800A02B9E /* MobilePhoneBuyerGuide */ = {
			isa = PBXGroup;
			children = (
				E4A4CBCE2315173800A02B9E /* Info.plist */,
				E4A4CBCB2315173800A02B9E /* LaunchScreen.storyboard */,
				E4A4CBC22315173800A02B9E /* AppDelegate.swift */,
				E4A4CBC62315173800A02B9E /* Main.storyboard */,
				E4EA695C231CB44B009933B8 /* Scene */,
				E4A4CBC92315173800A02B9E /* Assets.xcassets */,
			);
			path = MobilePhoneBuyerGuide;
			sourceTree = "<group>";
		};
		E4A4CBD52315174C00A02B9E /* CustomViewCells */ = {
			isa = PBXGroup;
			children = (
				E44CF4E923152C09002BE981 /* CustomMobileListViewCell.swift */,
			);
			path = CustomViewCells;
			sourceTree = "<group>";
		};
		E4EA695C231CB44B009933B8 /* Scene */ = {
			isa = PBXGroup;
			children = (
				E45F81F1231E1AA700067722 /* MobileDetailScene */,
				E4EA696E231CEA4E009933B8 /* MobileListScene */,
			);
			path = Scene;
			sourceTree = "<group>";
		};
		E4EA696E231CEA4E009933B8 /* MobileListScene */ = {
			isa = PBXGroup;
			children = (
				E4A4CBD52315174C00A02B9E /* CustomViewCells */,
				E4EA6975231CEA4E009933B8 /* MobileListViewController.swift */,
				E4EA696F231CEA4E009933B8 /* MobileListPresenter.swift */,
				E4EA6970231CEA4E009933B8 /* MobileListInteractor.swift */,
				E4EA6971231CEA4E009933B8 /* MobileListModels.swift */,
				E4EA6972231CEA4E009933B8 /* MobileListStore.swift */,
				E4EA6973231CEA4E009933B8 /* MobileListWorker.swift */,
				E4EA6974231CEA4E009933B8 /* MobileListRouter.swift */,
				E4EA6976231CEA4E009933B8 /* MobileListEntity.swift */,
			);
			path = MobileListScene;
			sourceTree = "<group>";
		};
/* End PBXGroup section */

/* Begin PBXNativeTarget section */
		E4A4CBBE2315173800A02B9E /* MobilePhoneBuyerGuide */ = {
			isa = PBXNativeTarget;
			buildConfigurationList = E4A4CBD12315173800A02B9E /* Build configuration list for PBXNativeTarget "MobilePhoneBuyerGuide" */;
			buildPhases = (
				A37C66D4226BF8A962C2DE0F /* [CP] Check Pods Manifest.lock */,
				E4A4CBBB2315173800A02B9E /* Sources */,
				E4A4CBBC2315173800A02B9E /* Frameworks */,
				E4A4CBBD2315173800A02B9E /* Resources */,
				A911AFD9DE2DEA45741B6E4D /* [CP] Embed Pods Frameworks */,
			);
			buildRules = (
			);
			dependencies = (
			);
			name = MobilePhoneBuyerGuide;
			productName = MobilePhoneBuyerGuide;
			productReference = E4A4CBBF2315173800A02B9E /* MobilePhoneBuyerGuide.app */;
			productType = "com.apple.product-type.application";
		};
/* End PBXNativeTarget section */

/* Begin PBXProject section */
		E4A4CBB72315173800A02B9E /* Project object */ = {
			isa = PBXProject;
			attributes = {
				LastSwiftUpdateCheck = 1020;
				LastUpgradeCheck = 1020;
				ORGANIZATIONNAME = SCB;
				TargetAttributes = {
					E4A4CBBE2315173800A02B9E = {
						CreatedOnToolsVersion = 10.2.1;
					};
				};
			};
			buildConfigurationList = E4A4CBBA2315173800A02B9E /* Build configuration list for PBXProject "MobilePhoneBuyerGuide" */;
			compatibilityVersion = "Xcode 9.3";
			developmentRegion = en;
			hasScannedForEncodings = 0;
			knownRegions = (
				en,
				Base,
			);
			mainGroup = E4A4CBB62315173800A02B9E;
			productRefGroup = E4A4CBC02315173800A02B9E /* Products */;
			projectDirPath = "";
			projectRoot = "";
			targets = (
				E4A4CBBE2315173800A02B9E /* MobilePhoneBuyerGuide */,
			);
		};
/* End PBXProject section */

/* Begin PBXResourcesBuildPhase section */
		E4A4CBBD2315173800A02B9E /* Resources */ = {
			isa = PBXResourcesBuildPhase;
			buildActionMask = 2147483647;
			files = (
				E4A4CBCD2315173800A02B9E /* LaunchScreen.storyboard in Resources */,
				E4A4CBCA2315173800A02B9E /* Assets.xcassets in Resources */,
				E4A4CBC82315173800A02B9E /* Main.storyboard in Resources */,
			);
			runOnlyForDeploymentPostprocessing = 0;
		};
/* End PBXResourcesBuildPhase section */

/* Begin PBXShellScriptBuildPhase section */
		A37C66D4226BF8A962C2DE0F /* [CP] Check Pods Manifest.lock */ = {
			isa = PBXShellScriptBuildPhase;
			buildActionMask = 2147483647;
			files = (
			);
			inputFileListPaths = (
			);
			inputPaths = (
				"${PODS_PODFILE_DIR_PATH}/Podfile.lock",
				"${PODS_ROOT}/Manifest.lock",
			);
			name = "[CP] Check Pods Manifest.lock";
			outputFileListPaths = (
			);
			outputPaths = (
				"$(DERIVED_FILE_DIR)/Pods-MobilePhoneBuyerGuide-checkManifestLockResult.txt",
			);
			runOnlyForDeploymentPostprocessing = 0;
			shellPath = /bin/sh;
			shellScript = "diff \"${PODS_PODFILE_DIR_PATH}/Podfile.lock\" \"${PODS_ROOT}/Manifest.lock\" > /dev/null\nif [ $? != 0 ] ; then\n    # print error to STDERR\n    echo \"error: The sandbox is not in sync with the Podfile.lock. Run 'pod install' or update your CocoaPods installation.\" >&2\n    exit 1\nfi\n# This output is used by Xcode 'outputs' to avoid re-running this script phase.\necho \"SUCCESS\" > \"${SCRIPT_OUTPUT_FILE_0}\"\n";
			showEnvVarsInLog = 0;
		};
		A911AFD9DE2DEA45741B6E4D /* [CP] Embed Pods Frameworks */ = {
			isa = PBXShellScriptBuildPhase;
			buildActionMask = 2147483647;
			files = (
			);
			inputFileListPaths = (
				"${PODS_ROOT}/Target Support Files/Pods-MobilePhoneBuyerGuide/Pods-MobilePhoneBuyerGuide-frameworks-${CONFIGURATION}-input-files.xcfilelist",
			);
			name = "[CP] Embed Pods Frameworks";
			outputFileListPaths = (
				"${PODS_ROOT}/Target Support Files/Pods-MobilePhoneBuyerGuide/Pods-MobilePhoneBuyerGuide-frameworks-${CONFIGURATION}-output-files.xcfilelist",
			);
			runOnlyForDeploymentPostprocessing = 0;
			shellPath = /bin/sh;
			shellScript = "\"${PODS_ROOT}/Target Support Files/Pods-MobilePhoneBuyerGuide/Pods-MobilePhoneBuyerGuide-frameworks.sh\"\n";
			showEnvVarsInLog = 0;
		};
/* End PBXShellScriptBuildPhase section */

/* Begin PBXSourcesBuildPhase section */
		E4A4CBBB2315173800A02B9E /* Sources */ = {
			isa = PBXSourcesBuildPhase;
			buildActionMask = 2147483647;
			files = (
				E4EA6977231CEA4E009933B8 /* MobileListPresenter.swift in Sources */,
				E45F8200231E1AD800067722 /* MobileDetailInteractor.swift in Sources */,
				E4BD87C32317C1E8002C981D /* CustomCollectionViewCell.swift in Sources */,
				E4EA697A231CEA4E009933B8 /* MobileListStore.swift in Sources */,
				E4EA6979231CEA4E009933B8 /* MobileListModels.swift in Sources */,
				E45F81FB231E1AD800067722 /* MobileDetailPresenter.swift in Sources */,
				E45F81FC231E1AD800067722 /* MobileDetailWorker.swift in Sources */,
				E4EA697C231CEA4E009933B8 /* MobileListRouter.swift in Sources */,
				E44CF4EA23152C09002BE981 /* CustomMobileListViewCell.swift in Sources */,
				E45F81FF231E1AD800067722 /* MobileDetailViewController.swift in Sources */,
				E4A4CBC32315173800A02B9E /* AppDelegate.swift in Sources */,
				E4EA697E231CEA4E009933B8 /* MobileListEntity.swift in Sources */,
				E45F81FA231E1AD800067722 /* MobileDetailStore.swift in Sources */,
				E4EA6978231CEA4E009933B8 /* MobileListInteractor.swift in Sources */,
				E4EA697D231CEA4E009933B8 /* MobileListViewController.swift in Sources */,
				E4EA697B231CEA4E009933B8 /* MobileListWorker.swift in Sources */,
				E45F8201231E1AD800067722 /* MobileDetailEntity.swift in Sources */,
				E45F81FE231E1AD800067722 /* MobileDetailModels.swift in Sources */,
				E45F81FD231E1AD800067722 /* MobileDetailRouter.swift in Sources */,
			);
			runOnlyForDeploymentPostprocessing = 0;
		};
/* End PBXSourcesBuildPhase section */

/* Begin PBXVariantGroup section */
		E4A4CBC62315173800A02B9E /* Main.storyboard */ = {
			isa = PBXVariantGroup;
			children = (
				E4A4CBC72315173800A02B9E /* Base */,
			);
			name = Main.storyboard;
			sourceTree = "<group>";
		};
		E4A4CBCB2315173800A02B9E /* LaunchScreen.storyboard */ = {
			isa = PBXVariantGroup;
			children = (
				E4A4CBCC2315173800A02B9E /* Base */,
			);
			name = LaunchScreen.storyboard;
			sourceTree = "<group>";
		};
/* End PBXVariantGroup section */

/* Begin XCBuildConfiguration section */
		E4A4CBCF2315173800A02B9E /* Debug */ = {
			isa = XCBuildConfiguration;
			buildSettings = {
				ALWAYS_SEARCH_USER_PATHS = NO;
				CLANG_ANALYZER_NONNULL = YES;
				CLANG_ANALYZER_NUMBER_OBJECT_CONVERSION = YES_AGGRESSIVE;
				CLANG_CXX_LANGUAGE_STANDARD = "gnu++14";
				CLANG_CXX_LIBRARY = "libc++";
				CLANG_ENABLE_MODULES = YES;
				CLANG_ENABLE_OBJC_ARC = YES;
				CLANG_ENABLE_OBJC_WEAK = YES;
				CLANG_WARN_BLOCK_CAPTURE_AUTORELEASING = YES;
				CLANG_WARN_BOOL_CONVERSION = YES;
				CLANG_WARN_COMMA = YES;
				CLANG_WARN_CONSTANT_CONVERSION = YES;
				CLANG_WARN_DEPRECATED_OBJC_IMPLEMENTATIONS = YES;
				CLANG_WARN_DIRECT_OBJC_ISA_USAGE = YES_ERROR;
				CLANG_WARN_DOCUMENTATION_COMMENTS = YES;
				CLANG_WARN_EMPTY_BODY = YES;
				CLANG_WARN_ENUM_CONVERSION = YES;
				CLANG_WARN_INFINITE_RECURSION = YES;
				CLANG_WARN_INT_CONVERSION = YES;
				CLANG_WARN_NON_LITERAL_NULL_CONVERSION = YES;
				CLANG_WARN_OBJC_IMPLICIT_RETAIN_SELF = YES;
				CLANG_WARN_OBJC_LITERAL_CONVERSION = YES;
				CLANG_WARN_OBJC_ROOT_CLASS = YES_ERROR;
				CLANG_WARN_RANGE_LOOP_ANALYSIS = YES;
				CLANG_WARN_STRICT_PROTOTYPES = YES;
				CLANG_WARN_SUSPICIOUS_MOVE = YES;
				CLANG_WARN_UNGUARDED_AVAILABILITY = YES_AGGRESSIVE;
				CLANG_WARN_UNREACHABLE_CODE = YES;
				CLANG_WARN__DUPLICATE_METHOD_MATCH = YES;
				CODE_SIGN_IDENTITY = "iPhone Developer";
				COPY_PHASE_STRIP = NO;
				DEBUG_INFORMATION_FORMAT = dwarf;
				ENABLE_STRICT_OBJC_MSGSEND = YES;
				ENABLE_TESTABILITY = YES;
				GCC_C_LANGUAGE_STANDARD = gnu11;
				GCC_DYNAMIC_NO_PIC = NO;
				GCC_NO_COMMON_BLOCKS = YES;
				GCC_OPTIMIZATION_LEVEL = 0;
				GCC_PREPROCESSOR_DEFINITIONS = (
					"DEBUG=1",
					"$(inherited)",
				);
				GCC_WARN_64_TO_32_BIT_CONVERSION = YES;
				GCC_WARN_ABOUT_RETURN_TYPE = YES_ERROR;
				GCC_WARN_UNDECLARED_SELECTOR = YES;
				GCC_WARN_UNINITIALIZED_AUTOS = YES_AGGRESSIVE;
				GCC_WARN_UNUSED_FUNCTION = YES;
				GCC_WARN_UNUSED_VARIABLE = YES;
				IPHONEOS_DEPLOYMENT_TARGET = 12.2;
				MTL_ENABLE_DEBUG_INFO = INCLUDE_SOURCE;
				MTL_FAST_MATH = YES;
				ONLY_ACTIVE_ARCH = YES;
				SDKROOT = iphoneos;
				SWIFT_ACTIVE_COMPILATION_CONDITIONS = DEBUG;
				SWIFT_OPTIMIZATION_LEVEL = "-Onone";
			};
			name = Debug;
		};
		E4A4CBD02315173800A02B9E /* Release */ = {
			isa = XCBuildConfiguration;
			buildSettings = {
				ALWAYS_SEARCH_USER_PATHS = NO;
				CLANG_ANALYZER_NONNULL = YES;
				CLANG_ANALYZER_NUMBER_OBJECT_CONVERSION = YES_AGGRESSIVE;
				CLANG_CXX_LANGUAGE_STANDARD = "gnu++14";
				CLANG_CXX_LIBRARY = "libc++";
				CLANG_ENABLE_MODULES = YES;
				CLANG_ENABLE_OBJC_ARC = YES;
				CLANG_ENABLE_OBJC_WEAK = YES;
				CLANG_WARN_BLOCK_CAPTURE_AUTORELEASING = YES;
				CLANG_WARN_BOOL_CONVERSION = YES;
				CLANG_WARN_COMMA = YES;
				CLANG_WARN_CONSTANT_CONVERSION = YES;
				CLANG_WARN_DEPRECATED_OBJC_IMPLEMENTATIONS = YES;
				CLANG_WARN_DIRECT_OBJC_ISA_USAGE = YES_ERROR;
				CLANG_WARN_DOCUMENTATION_COMMENTS = YES;
				CLANG_WARN_EMPTY_BODY = YES;
				CLANG_WARN_ENUM_CONVERSION = YES;
				CLANG_WARN_INFINITE_RECURSION = YES;
				CLANG_WARN_INT_CONVERSION = YES;
				CLANG_WARN_NON_LITERAL_NULL_CONVERSION = YES;
				CLANG_WARN_OBJC_IMPLICIT_RETAIN_SELF = YES;
				CLANG_WARN_OBJC_LITERAL_CONVERSION = YES;
				CLANG_WARN_OBJC_ROOT_CLASS = YES_ERROR;
				CLANG_WARN_RANGE_LOOP_ANALYSIS = YES;
				CLANG_WARN_STRICT_PROTOTYPES = YES;
				CLANG_WARN_SUSPICIOUS_MOVE = YES;
				CLANG_WARN_UNGUARDED_AVAILABILITY = YES_AGGRESSIVE;
				CLANG_WARN_UNREACHABLE_CODE = YES;
				CLANG_WARN__DUPLICATE_METHOD_MATCH = YES;
				CODE_SIGN_IDENTITY = "iPhone Developer";
				COPY_PHASE_STRIP = NO;
				DEBUG_INFORMATION_FORMAT = "dwarf-with-dsym";
				ENABLE_NS_ASSERTIONS = NO;
				ENABLE_STRICT_OBJC_MSGSEND = YES;
				GCC_C_LANGUAGE_STANDARD = gnu11;
				GCC_NO_COMMON_BLOCKS = YES;
				GCC_WARN_64_TO_32_BIT_CONVERSION = YES;
				GCC_WARN_ABOUT_RETURN_TYPE = YES_ERROR;
				GCC_WARN_UNDECLARED_SELECTOR = YES;
				GCC_WARN_UNINITIALIZED_AUTOS = YES_AGGRESSIVE;
				GCC_WARN_UNUSED_FUNCTION = YES;
				GCC_WARN_UNUSED_VARIABLE = YES;
				IPHONEOS_DEPLOYMENT_TARGET = 12.2;
				MTL_ENABLE_DEBUG_INFO = NO;
				MTL_FAST_MATH = YES;
				SDKROOT = iphoneos;
				SWIFT_COMPILATION_MODE = wholemodule;
				SWIFT_OPTIMIZATION_LEVEL = "-O";
				VALIDATE_PRODUCT = YES;
			};
			name = Release;
		};
		E4A4CBD22315173800A02B9E /* Debug */ = {
			isa = XCBuildConfiguration;
			baseConfigurationReference = 477DB68F5A66CFED99588CE6 /* Pods-MobilePhoneBuyerGuide.debug.xcconfig */;
			buildSettings = {
				ASSETCATALOG_COMPILER_APPICON_NAME = AppIcon;
				CODE_SIGN_STYLE = Automatic;
				INFOPLIST_FILE = MobilePhoneBuyerGuide/Info.plist;
				LD_RUNPATH_SEARCH_PATHS = (
					"$(inherited)",
					"@executable_path/Frameworks",
				);
				PRODUCT_BUNDLE_IDENTIFIER = com.scb.ios.assignment.MobilePhoneBuyerGuide;
				PRODUCT_NAME = "$(TARGET_NAME)";
				SWIFT_VERSION = 5.0;
				TARGETED_DEVICE_FAMILY = "1,2";
			};
			name = Debug;
		};
		E4A4CBD32315173800A02B9E /* Release */ = {
			isa = XCBuildConfiguration;
			baseConfigurationReference = AC2EDE7C2E6AE29673C24DA9 /* Pods-MobilePhoneBuyerGuide.release.xcconfig */;
			buildSettings = {
				ASSETCATALOG_COMPILER_APPICON_NAME = AppIcon;
				CODE_SIGN_STYLE = Automatic;
				INFOPLIST_FILE = MobilePhoneBuyerGuide/Info.plist;
				LD_RUNPATH_SEARCH_PATHS = (
					"$(inherited)",
					"@executable_path/Frameworks",
				);
				PRODUCT_BUNDLE_IDENTIFIER = com.scb.ios.assignment.MobilePhoneBuyerGuide;
				PRODUCT_NAME = "$(TARGET_NAME)";
				SWIFT_VERSION = 5.0;
				TARGETED_DEVICE_FAMILY = "1,2";
			};
			name = Release;
		};
/* End XCBuildConfiguration section */

/* Begin XCConfigurationList section */
		E4A4CBBA2315173800A02B9E /* Build configuration list for PBXProject "MobilePhoneBuyerGuide" */ = {
			isa = XCConfigurationList;
			buildConfigurations = (
				E4A4CBCF2315173800A02B9E /* Debug */,
				E4A4CBD02315173800A02B9E /* Release */,
			);
			defaultConfigurationIsVisible = 0;
			defaultConfigurationName = Release;
		};
		E4A4CBD12315173800A02B9E /* Build configuration list for PBXNativeTarget "MobilePhoneBuyerGuide" */ = {
			isa = XCConfigurationList;
			buildConfigurations = (
				E4A4CBD22315173800A02B9E /* Debug */,
				E4A4CBD32315173800A02B9E /* Release */,
			);
			defaultConfigurationIsVisible = 0;
			defaultConfigurationName = Release;
		};
/* End XCConfigurationList section */
	};
	rootObject = E4A4CBB72315173800A02B9E /* Project object */;
}
